
Microsoft Visual Studio Solution File, Format Version 12.00
# Visual Studio Version 17
VisualStudioVersion = 17.9.34728.123
MinimumVisualStudioVersion = 10.0.40219.1
Project("{FAE04EC0-301F-11D3-BF4B-00C04F79EFBC}") = "SpartaDun", "SpartaDun\SpartaDun.csproj", "{1C7F8249-DEEB-43FC-9570-88493EB1FF8F}"
EndProject
Global
	GlobalSection(SolutionConfigurationPlatforms) = preSolution
		Debug|Any CPU = Debug|Any CPU
		Release|Any CPU = Release|Any CPU
	EndGlobalSection
	GlobalSection(ProjectConfigurationPlatforms) = postSolution
		{1C7F8249-DEEB-43FC-9570-88493EB1FF8F}.Debug|Any CPU.ActiveCfg = Debug|Any CPU
		{1C7F8249-DEEB-43FC-9570-88493EB1FF8F}.Debug|Any CPU.Build.0 = Debug|Any CPU
		{1C7F8249-DEEB-43FC-9570-88493EB1FF8F}.Release|Any CPU.ActiveCfg = Release|Any CPU
		{1C7F8249-DEEB-43FC-9570-88493EB1FF8F}.Release|Any CPU.Build.0 = Release|Any CPU
	EndGlobalSection
	GlobalSection(SolutionProperties) = preSolution
		HideSolutionNode = FALSE
	EndGlobalSection
	GlobalSection(ExtensibilityGlobals) = postSolution
		SolutionGuid = {B4ED47BC-DA86-4B6E-84F4-9543648660C7}
	EndGlobalSection
EndGlobal
